
Microsoft Visual Studio Solution File, Format Version 12.00
# Visual Studio Version 17
VisualStudioVersion = 17.3.32819.101
MinimumVisualStudioVersion = 10.0.40219.1
Project("{FAE04EC0-301F-11D3-BF4B-00C04F79EFBC}") = "Create_Login_Panel", "Login_Paneli_Olusturma\Create_Login_Panel.csproj", "{35211EB3-14CA-40AF-8C4B-A7DD1ABCDBD3}"
EndProject
Global
	GlobalSection(SolutionConfigurationPlatforms) = preSolution
		Debug|Any CPU = Debug|Any CPU
		Release|Any CPU = Release|Any CPU
	EndGlobalSection
	GlobalSection(ProjectConfigurationPlatforms) = postSolution
		{35211EB3-14CA-40AF-8C4B-A7DD1ABCDBD3}.Debug|Any CPU.ActiveCfg = Debug|Any CPU
		{35211EB3-14CA-40AF-8C4B-A7DD1ABCDBD3}.Debug|Any CPU.Build.0 = Debug|Any CPU
		{35211EB3-14CA-40AF-8C4B-A7DD1ABCDBD3}.Release|Any CPU.ActiveCfg = Release|Any CPU
		{35211EB3-14CA-40AF-8C4B-A7DD1ABCDBD3}.Release|Any CPU.Build.0 = Release|Any CPU
	EndGlobalSection
	GlobalSection(SolutionProperties) = preSolution
		HideSolutionNode = FALSE
	EndGlobalSection
	GlobalSection(ExtensibilityGlobals) = postSolution
		SolutionGuid = {AAE37B2B-4236-4388-BA8D-FC4A235ED83A}
	EndGlobalSection
EndGlobal
